
Microsoft Visual Studio Solution File, Format Version 12.00
# Visual Studio Version 17
VisualStudioVersion = 17.1.32319.34
MinimumVisualStudioVersion = 10.0.40219.1
Project("{FAE04EC0-301F-11D3-BF4B-00C04F79EFBC}") = "txtEditor", "txtEditor\txtEditor.csproj", "{64D4EE63-5A3A-4807-A4A0-911AC8CAACEF}"
EndProject
Global
	GlobalSection(SolutionConfigurationPlatforms) = preSolution
		Debug|Any CPU = Debug|Any CPU
		Release|Any CPU = Release|Any CPU
	EndGlobalSection
	GlobalSection(ProjectConfigurationPlatforms) = postSolution
		{64D4EE63-5A3A-4807-A4A0-911AC8CAACEF}.Debug|Any CPU.ActiveCfg = Debug|Any CPU
		{64D4EE63-5A3A-4807-A4A0-911AC8CAACEF}.Debug|Any CPU.Build.0 = Debug|Any CPU
		{64D4EE63-5A3A-4807-A4A0-911AC8CAACEF}.Release|Any CPU.ActiveCfg = Release|Any CPU
		{64D4EE63-5A3A-4807-A4A0-911AC8CAACEF}.Release|Any CPU.Build.0 = Release|Any CPU
	EndGlobalSection
	GlobalSection(SolutionProperties) = preSolution
		HideSolutionNode = FALSE
	EndGlobalSection
	GlobalSection(ExtensibilityGlobals) = postSolution
		SolutionGuid = {28C6CDCD-A722-4F95-B9DD-86AB43C6C06F}
	EndGlobalSection
EndGlobal
